# THIS IS AN AUTOGENERATED FILE. DO NOT EDIT THIS FILE DIRECTLY.
# yarn lockfile v1


antlr4@^4.10.1:
  version "4.10.1"
  resolved "https://registry.yarnpkg.com/antlr4/-/antlr4-4.10.1.tgz#6be8e3e1ead19ca82419ef0ffe974ef4efe4a793"
  integrity sha512-fmxidcOwmktzHUD+tz8y/zKLI/NfVAB0+MOvnFUBzo8ToFnphK8JY88oOJeRdhnTrAhjtu45bvxddzbb8nMeIA==
